
Microsoft Visual Studio Solution File, Format Version 12.00
# Visual Studio Version 16
VisualStudioVersion = 16.0.28803.156
MinimumVisualStudioVersion = 10.0.40219.1
Project("{FAE04EC0-301F-11D3-BF4B-00C04F79EFBC}") = "futuresyncDatabase", "futuresyncDatabase\futuresyncDatabase.csproj", "{EE9B6523-66F5-4F25-A758-B31B922C7F39}"
EndProject
Project("{FAE04EC0-301F-11D3-BF4B-00C04F79EFBC}") = "futuresyncDatabase.Tests", "futuresyncDatabase.Tests\futuresyncDatabase.Tests.csproj", "{EAD3BDB7-7E1C-431F-BAA5-C7DE48C54ED1}"
EndProject
Global
	GlobalSection(SolutionConfigurationPlatforms) = preSolution
		Debug|Any CPU = Debug|Any CPU
		Release|Any CPU = Release|Any CPU
	EndGlobalSection
	GlobalSection(ProjectConfigurationPlatforms) = postSolution
		{EE9B6523-66F5-4F25-A758-B31B922C7F39}.Debug|Any CPU.ActiveCfg = Debug|Any CPU
		{EE9B6523-66F5-4F25-A758-B31B922C7F39}.Debug|Any CPU.Build.0 = Debug|Any CPU
		{EE9B6523-66F5-4F25-A758-B31B922C7F39}.Release|Any CPU.ActiveCfg = Release|Any CPU
		{EE9B6523-66F5-4F25-A758-B31B922C7F39}.Release|Any CPU.Build.0 = Release|Any CPU
		{EAD3BDB7-7E1C-431F-BAA5-C7DE48C54ED1}.Debug|Any CPU.ActiveCfg = Debug|Any CPU
		{EAD3BDB7-7E1C-431F-BAA5-C7DE48C54ED1}.Debug|Any CPU.Build.0 = Debug|Any CPU
		{EAD3BDB7-7E1C-431F-BAA5-C7DE48C54ED1}.Release|Any CPU.ActiveCfg = Release|Any CPU
		{EAD3BDB7-7E1C-431F-BAA5-C7DE48C54ED1}.Release|Any CPU.Build.0 = Release|Any CPU
	EndGlobalSection
	GlobalSection(SolutionProperties) = preSolution
		HideSolutionNode = FALSE
	EndGlobalSection
	GlobalSection(ExtensibilityGlobals) = postSolution
		SolutionGuid = {AFA3FED3-8686-4506-A7A2-103BA5659E2E}
	EndGlobalSection
EndGlobal
